// !$*UTF8*$!
{
	archiveVersion = 1;
	classes = {
	};
	objectVersion = 46;
	objects = {

/* Begin PBXBuildFile section */
		230777FC1C44BA4C00C6CA1D /* Mode1.swift in Sources */ = {isa = PBXBuildFile; fileRef = 230777FB1C44BA4C00C6CA1D /* Mode1.swift */; };
		2316C6731C1CC9E0009BF97C /* AppDelegate.swift in Sources */ = {isa = PBXBuildFile; fileRef = 2316C6721C1CC9E0009BF97C /* AppDelegate.swift */; };
		2316C6751C1CC9E0009BF97C /* DeviceViewController.swift in Sources */ = {isa = PBXBuildFile; fileRef = 2316C6741C1CC9E0009BF97C /* DeviceViewController.swift */; };
		2316C6781C1CC9E0009BF97C /* Main.storyboard in Resources */ = {isa = PBXBuildFile; fileRef = 2316C6761C1CC9E0009BF97C /* Main.storyboard */; };
		2316C67B1C1CC9E0009BF97C /* Visilert.xcdatamodeld in Sources */ = {isa = PBXBuildFile; fileRef = 2316C6791C1CC9E0009BF97C /* Visilert.xcdatamodeld */; };
		2316C67D1C1CC9E0009BF97C /* Assets.xcassets in Resources */ = {isa = PBXBuildFile; fileRef = 2316C67C1C1CC9E0009BF97C /* Assets.xcassets */; };
		2316C6801C1CC9E0009BF97C /* LaunchScreen.storyboard in Resources */ = {isa = PBXBuildFile; fileRef = 2316C67E1C1CC9E0009BF97C /* LaunchScreen.storyboard */; };
		2316C68B1C1CC9E0009BF97C /* VisilertTests.swift in Sources */ = {isa = PBXBuildFile; fileRef = 2316C68A1C1CC9E0009BF97C /* VisilertTests.swift */; };
		2316C69B1C1CD6EB009BF97C /* digital-7 (italic).ttf in Resources */ = {isa = PBXBuildFile; fileRef = 2316C6961C1CD6EB009BF97C /* digital-7 (italic).ttf */; };
		2316C69C1C1CD6EB009BF97C /* digital-7 (mono italic).ttf in Resources */ = {isa = PBXBuildFile; fileRef = 2316C6971C1CD6EB009BF97C /* digital-7 (mono italic).ttf */; };
		2316C69D1C1CD6EB009BF97C /* digital-7 (mono).ttf in Resources */ = {isa = PBXBuildFile; fileRef = 2316C6981C1CD6EB009BF97C /* digital-7 (mono).ttf */; };
		2316C69E1C1CD6EB009BF97C /* digital-7.ttf in Resources */ = {isa = PBXBuildFile; fileRef = 2316C6991C1CD6EB009BF97C /* digital-7.ttf */; };
		2316C69F1C1CD6EB009BF97C /* readme.txt in Resources */ = {isa = PBXBuildFile; fileRef = 2316C69A1C1CD6EB009BF97C /* readme.txt */; };
		231804091CDCF58900DB754A /* How It Works.pdf in Resources */ = {isa = PBXBuildFile; fileRef = 231804081CDCF58900DB754A /* How It Works.pdf */; };
		2318040D1CDCF92C00DB754A /* Visilert Hourly Rounding Card.pdf in Resources */ = {isa = PBXBuildFile; fileRef = 2318040A1CDCF92C00DB754A /* Visilert Hourly Rounding Card.pdf */; };
		2318040E1CDCF92C00DB754A /* Visilert Patient Card.pdf in Resources */ = {isa = PBXBuildFile; fileRef = 2318040B1CDCF92C00DB754A /* Visilert Patient Card.pdf */; };
		2318040F1CDCF92C00DB754A /* Visilert Rounding Checklist.pdf in Resources */ = {isa = PBXBuildFile; fileRef = 2318040C1CDCF92C00DB754A /* Visilert Rounding Checklist.pdf */; };
		231804111CDCFCBA00DB754A /* RoundingCardsTableViewController.swift in Sources */ = {isa = PBXBuildFile; fileRef = 231804101CDCFCBA00DB754A /* RoundingCardsTableViewController.swift */; };
		232C61E51C59D09D008AAF11 /* PatientChecklistTableViewController.swift in Sources */ = {isa = PBXBuildFile; fileRef = 232C61E41C59D09D008AAF11 /* PatientChecklistTableViewController.swift */; };
		232C61E71C59D132008AAF11 /* ChecklistTableViewCell.swift in Sources */ = {isa = PBXBuildFile; fileRef = 232C61E61C59D132008AAF11 /* ChecklistTableViewCell.swift */; };
		2332D65B1C6DEDB3005EBCBB /* 3dViewController.swift in Sources */ = {isa = PBXBuildFile; fileRef = 2332D65A1C6DEDB3005EBCBB /* 3dViewController.swift */; };
		2332D65D1C6DEE31005EBCBB /* SceneKit.framework in Frameworks */ = {isa = PBXBuildFile; fileRef = 2332D65C1C6DEE31005EBCBB /* SceneKit.framework */; };
		2332D65F1C6DEEDD005EBCBB /* testViewController.swift in Sources */ = {isa = PBXBuildFile; fileRef = 2332D65E1C6DEEDD005EBCBB /* testViewController.swift */; };
		2338D9F81C8A62350069CE1A /* Visilert Rounding Employer Checklist.pdf in Resources */ = {isa = PBXBuildFile; fileRef = 2338D9F71C8A62350069CE1A /* Visilert Rounding Employer Checklist.pdf */; };
		233C85241C8366CC0015B9E3 /* VideosViewController.swift in Sources */ = {isa = PBXBuildFile; fileRef = 233C85231C8366CC0015B9E3 /* VideosViewController.swift */; };
		233C85261C8383D30015B9E3 /* LoginViewController.swift in Sources */ = {isa = PBXBuildFile; fileRef = 233C85251C8383D30015B9E3 /* LoginViewController.swift */; };
		233C85281C8383DF0015B9E3 /* CreateUserViewController.swift in Sources */ = {isa = PBXBuildFile; fileRef = 233C85271C8383DF0015B9E3 /* CreateUserViewController.swift */; };
		233C852B1C838B170015B9E3 /* Account+CoreDataProperties.swift in Sources */ = {isa = PBXBuildFile; fileRef = 233C85291C838B170015B9E3 /* Account+CoreDataProperties.swift */; };
		233C852C1C838B170015B9E3 /* Account.swift in Sources */ = {isa = PBXBuildFile; fileRef = 233C852A1C838B170015B9E3 /* Account.swift */; };
		233C852E1C83E9150015B9E3 /* TrainingViewController.swift in Sources */ = {isa = PBXBuildFile; fileRef = 233C852D1C83E9150015B9E3 /* TrainingViewController.swift */; };
		233C85301C83E9F00015B9E3 /* TrainingContainerViewController.swift in Sources */ = {isa = PBXBuildFile; fileRef = 233C852F1C83E9F00015B9E3 /* TrainingContainerViewController.swift */; };
		2350F15A1C86A03700C6230B /* RoundingChecklistTableViewController.swift in Sources */ = {isa = PBXBuildFile; fileRef = 2350F1591C86A03700C6230B /* RoundingChecklistTableViewController.swift */; };
		2350F15C1C86A29100C6230B /* RoundingListTableViewCell.swift in Sources */ = {isa = PBXBuildFile; fileRef = 2350F15B1C86A29100C6230B /* RoundingListTableViewCell.swift */; };
		2350F15E1C8745EA00C6230B /* Device360ViewController.swift in Sources */ = {isa = PBXBuildFile; fileRef = 2350F15D1C8745EA00C6230B /* Device360ViewController.swift */; };
		237A70841C4A9F190028BA7B /* FormViewController.swift in Sources */ = {isa = PBXBuildFile; fileRef = 237A70831C4A9F190028BA7B /* FormViewController.swift */; };
		23A56B4A1C4218AF005CCAD7 /* Mode2.swift in Sources */ = {isa = PBXBuildFile; fileRef = 23A56B491C4218AF005CCAD7 /* Mode2.swift */; };
		23A6A4641CB6901300A7122E /* IMAGEViewController.swift in Sources */ = {isa = PBXBuildFile; fileRef = 23A6A4631CB6901300A7122E /* IMAGEViewController.swift */; };
		23BD95411C8867DF0008F7AC /* PDFViewController.swift in Sources */ = {isa = PBXBuildFile; fileRef = 23BD95401C8867DF0008F7AC /* PDFViewController.swift */; };
		23BD95431C8868350008F7AC /* Operating Instructions.pdf in Resources */ = {isa = PBXBuildFile; fileRef = 23BD95421C8868350008F7AC /* Operating Instructions.pdf */; };
		23C615D81CB70FA600B67E1F /* SecondRoundingCardsTableViewController.swift in Sources */ = {isa = PBXBuildFile; fileRef = 23C615D71CB70FA600B67E1F /* SecondRoundingCardsTableViewController.swift */; };
		23C615DA1CB73AE900B67E1F /* RoundingCardsViewController.swift in Sources */ = {isa = PBXBuildFile; fileRef = 23C615D91CB73AE900B67E1F /* RoundingCardsViewController.swift */; };
		23EDAC781C238A9100F1F428 /* StartDemoViewController.swift in Sources */ = {isa = PBXBuildFile; fileRef = 23EDAC771C238A9100F1F428 /* StartDemoViewController.swift */; };
		8A36B5D31DA1FDD500E1EDA8 /* HomeScreenViewController.swift in Sources */ = {isa = PBXBuildFile; fileRef = 23EDAC751C23887F00F1F428 /* HomeScreenViewController.swift */; };
/* End PBXBuildFile section */

/* Begin PBXContainerItemProxy section */
		2316C6871C1CC9E0009BF97C /* PBXContainerItemProxy */ = {
			isa = PBXContainerItemProxy;
			containerPortal = 2316C6671C1CC9E0009BF97C /* Project object */;
			proxyType = 1;
			remoteGlobalIDString = 2316C66E1C1CC9E0009BF97C;
			remoteInfo = Visilert;
		};
/* End PBXContainerItemProxy section */

/* Begin PBXFileReference section */
		230777FB1C44BA4C00C6CA1D /* Mode1.swift */ = {isa = PBXFileReference; fileEncoding = 4; lastKnownFileType = sourcecode.swift; path = Mode1.swift; sourceTree = "<group>"; };
		2316C66F1C1CC9E0009BF97C /* Visilert.app */ = {isa = PBXFileReference; explicitFileType = wrapper.application; includeInIndex = 0; path = Visilert.app; sourceTree = BUILT_PRODUCTS_DIR; };
		2316C6721C1CC9E0009BF97C /* AppDelegate.swift */ = {isa = PBXFileReference; lastKnownFileType = sourcecode.swift; path = AppDelegate.swift; sourceTree = "<group>"; };
		2316C6741C1CC9E0009BF97C /* DeviceViewController.swift */ = {isa = PBXFileReference; lastKnownFileType = sourcecode.swift; path = DeviceViewController.swift; sourceTree = "<group>"; };
		2316C6771C1CC9E0009BF97C /* Base */ = {isa = PBXFileReference; lastKnownFileType = file.storyboard; name = Base; path = Base.lproj/Main.storyboard; sourceTree = "<group>"; };
		2316C67A1C1CC9E0009BF97C /* Visilert.xcdatamodel */ = {isa = PBXFileReference; lastKnownFileType = wrapper.xcdatamodel; path = Visilert.xcdatamodel; sourceTree = "<group>"; };
		2316C67C1C1CC9E0009BF97C /* Assets.xcassets */ = {isa = PBXFileReference; lastKnownFileType = folder.assetcatalog; path = Assets.xcassets; sourceTree = "<group>"; };
		2316C67F1C1CC9E0009BF97C /* Base */ = {isa = PBXFileReference; lastKnownFileType = file.storyboard; name = Base; path = Base.lproj/LaunchScreen.storyboard; sourceTree = "<group>"; };
		2316C6811C1CC9E0009BF97C /* Info.plist */ = {isa = PBXFileReference; lastKnownFileType = text.plist.xml; path = Info.plist; sourceTree = "<group>"; };
		2316C6861C1CC9E0009BF97C /* VisilertTests.xctest */ = {isa = PBXFileReference; explicitFileType = wrapper.cfbundle; includeInIndex = 0; path = VisilertTests.xctest; sourceTree = BUILT_PRODUCTS_DIR; };
		2316C68A1C1CC9E0009BF97C /* VisilertTests.swift */ = {isa = PBXFileReference; lastKnownFileType = sourcecode.swift; path = VisilertTests.swift; sourceTree = "<group>"; };
		2316C68C1C1CC9E0009BF97C /* Info.plist */ = {isa = PBXFileReference; lastKnownFileType = text.plist.xml; path = Info.plist; sourceTree = "<group>"; };
		2316C6961C1CD6EB009BF97C /* digital-7 (italic).ttf */ = {isa = PBXFileReference; lastKnownFileType = file; path = "digital-7 (italic).ttf"; sourceTree = "<group>"; };
		2316C6971C1CD6EB009BF97C /* digital-7 (mono italic).ttf */ = {isa = PBXFileReference; lastKnownFileType = file; path = "digital-7 (mono italic).ttf"; sourceTree = "<group>"; };
		2316C6981C1CD6EB009BF97C /* digital-7 (mono).ttf */ = {isa = PBXFileReference; lastKnownFileType = file; path = "digital-7 (mono).ttf"; sourceTree = "<group>"; };
		2316C6991C1CD6EB009BF97C /* digital-7.ttf */ = {isa = PBXFileReference; lastKnownFileType = file; path = "digital-7.ttf"; sourceTree = "<group>"; };
		2316C69A1C1CD6EB009BF97C /* readme.txt */ = {isa = PBXFileReference; fileEncoding = 4; lastKnownFileType = text; path = readme.txt; sourceTree = "<group>"; };
		231804081CDCF58900DB754A /* How It Works.pdf */ = {isa = PBXFileReference; lastKnownFileType = image.pdf; path = "How It Works.pdf"; sourceTree = "<group>"; };
		2318040A1CDCF92C00DB754A /* Visilert Hourly Rounding Card.pdf */ = {isa = PBXFileReference; lastKnownFileType = image.pdf; path = "Visilert Hourly Rounding Card.pdf"; sourceTree = "<group>"; };
		2318040B1CDCF92C00DB754A /* Visilert Patient Card.pdf */ = {isa = PBXFileReference; lastKnownFileType = image.pdf; path = "Visilert Patient Card.pdf"; sourceTree = "<group>"; };
		2318040C1CDCF92C00DB754A /* Visilert Rounding Checklist.pdf */ = {isa = PBXFileReference; lastKnownFileType = image.pdf; path = "Visilert Rounding Checklist.pdf"; sourceTree = "<group>"; };
		231804101CDCFCBA00DB754A /* RoundingCardsTableViewController.swift */ = {isa = PBXFileReference; fileEncoding = 4; lastKnownFileType = sourcecode.swift; path = RoundingCardsTableViewController.swift; sourceTree = "<group>"; };
		232C61E41C59D09D008AAF11 /* PatientChecklistTableViewController.swift */ = {isa = PBXFileReference; fileEncoding = 4; lastKnownFileType = sourcecode.swift; path = PatientChecklistTableViewController.swift; sourceTree = "<group>"; };
		232C61E61C59D132008AAF11 /* ChecklistTableViewCell.swift */ = {isa = PBXFileReference; fileEncoding = 4; lastKnownFileType = sourcecode.swift; path = ChecklistTableViewCell.swift; sourceTree = "<group>"; };
		2332D65A1C6DEDB3005EBCBB /* 3dViewController.swift */ = {isa = PBXFileReference; fileEncoding = 4; lastKnownFileType = sourcecode.swift; path = 3dViewController.swift; sourceTree = "<group>"; };
		2332D65C1C6DEE31005EBCBB /* SceneKit.framework */ = {isa = PBXFileReference; lastKnownFileType = wrapper.framework; name = SceneKit.framework; path = System/Library/Frameworks/SceneKit.framework; sourceTree = SDKROOT; };
		2332D65E1C6DEEDD005EBCBB /* testViewController.swift */ = {isa = PBXFileReference; fileEncoding = 4; lastKnownFileType = sourcecode.swift; path = testViewController.swift; sourceTree = "<group>"; };
		2338D9F71C8A62350069CE1A /* Visilert Rounding Employer Checklist.pdf */ = {isa = PBXFileReference; lastKnownFileType = image.pdf; path = "Visilert Rounding Employer Checklist.pdf"; sourceTree = "<group>"; };
		233C85231C8366CC0015B9E3 /* VideosViewController.swift */ = {isa = PBXFileReference; fileEncoding = 4; lastKnownFileType = sourcecode.swift; path = VideosViewController.swift; sourceTree = "<group>"; };
		233C85251C8383D30015B9E3 /* LoginViewController.swift */ = {isa = PBXFileReference; fileEncoding = 4; lastKnownFileType = sourcecode.swift; path = LoginViewController.swift; sourceTree = "<group>"; };
		233C85271C8383DF0015B9E3 /* CreateUserViewController.swift */ = {isa = PBXFileReference; fileEncoding = 4; lastKnownFileType = sourcecode.swift; path = CreateUserViewController.swift; sourceTree = "<group>"; };
		233C85291C838B170015B9E3 /* Account+CoreDataProperties.swift */ = {isa = PBXFileReference; fileEncoding = 4; lastKnownFileType = sourcecode.swift; name = "Account+CoreDataProperties.swift"; path = "../Account+CoreDataProperties.swift"; sourceTree = "<group>"; };
		233C852A1C838B170015B9E3 /* Account.swift */ = {isa = PBXFileReference; fileEncoding = 4; lastKnownFileType = sourcecode.swift; name = Account.swift; path = ../Account.swift; sourceTree = "<group>"; };
		233C852D1C83E9150015B9E3 /* TrainingViewController.swift */ = {isa = PBXFileReference; fileEncoding = 4; lastKnownFileType = sourcecode.swift; path = TrainingViewController.swift; sourceTree = "<group>"; };
		233C852F1C83E9F00015B9E3 /* TrainingContainerViewController.swift */ = {isa = PBXFileReference; fileEncoding = 4; lastKnownFileType = sourcecode.swift; path = TrainingContainerViewController.swift; sourceTree = "<group>"; };
		2350F1591C86A03700C6230B /* RoundingChecklistTableViewController.swift */ = {isa = PBXFileReference; fileEncoding = 4; lastKnownFileType = sourcecode.swift; path = RoundingChecklistTableViewController.swift; sourceTree = "<group>"; };
		2350F15B1C86A29100C6230B /* RoundingListTableViewCell.swift */ = {isa = PBXFileReference; fileEncoding = 4; lastKnownFileType = sourcecode.swift; path = RoundingListTableViewCell.swift; sourceTree = "<group>"; };
		2350F15D1C8745EA00C6230B /* Device360ViewController.swift */ = {isa = PBXFileReference; fileEncoding = 4; lastKnownFileType = sourcecode.swift; path = Device360ViewController.swift; sourceTree = "<group>"; };
		237A70831C4A9F190028BA7B /* FormViewController.swift */ = {isa = PBXFileReference; fileEncoding = 4; lastKnownFileType = sourcecode.swift; path = FormViewController.swift; sourceTree = "<group>"; };
		23A56B491C4218AF005CCAD7 /* Mode2.swift */ = {isa = PBXFileReference; fileEncoding = 4; lastKnownFileType = sourcecode.swift; path = Mode2.swift; sourceTree = "<group>"; };
		23A6A4631CB6901300A7122E /* IMAGEViewController.swift */ = {isa = PBXFileReference; fileEncoding = 4; lastKnownFileType = sourcecode.swift; path = IMAGEViewController.swift; sourceTree = "<group>"; };
		23BD95401C8867DF0008F7AC /* PDFViewController.swift */ = {isa = PBXFileReference; fileEncoding = 4; lastKnownFileType = sourcecode.swift; path = PDFViewController.swift; sourceTree = "<group>"; };
		23BD95421C8868350008F7AC /* Operating Instructions.pdf */ = {isa = PBXFileReference; lastKnownFileType = image.pdf; path = "Operating Instructions.pdf"; sourceTree = "<group>"; };
		23C615D71CB70FA600B67E1F /* SecondRoundingCardsTableViewController.swift */ = {isa = PBXFileReference; fileEncoding = 4; lastKnownFileType = sourcecode.swift; path = SecondRoundingCardsTableViewController.swift; sourceTree = "<group>"; };
		23C615D91CB73AE900B67E1F /* RoundingCardsViewController.swift */ = {isa = PBXFileReference; fileEncoding = 4; lastKnownFileType = sourcecode.swift; path = RoundingCardsViewController.swift; sourceTree = "<group>"; };
		23EDAC751C23887F00F1F428 /* HomeScreenViewController.swift */ = {isa = PBXFileReference; fileEncoding = 4; lastKnownFileType = sourcecode.swift; path = HomeScreenViewController.swift; sourceTree = "<group>"; };
		23EDAC771C238A9100F1F428 /* StartDemoViewController.swift */ = {isa = PBXFileReference; fileEncoding = 4; lastKnownFileType = sourcecode.swift; path = StartDemoViewController.swift; sourceTree = "<group>"; };
/* End PBXFileReference section */

/* Begin PBXFrameworksBuildPhase section */
		2316C66C1C1CC9E0009BF97C /* Frameworks */ = {
			isa = PBXFrameworksBuildPhase;
			buildActionMask = 2147483647;
			files = (
				2332D65D1C6DEE31005EBCBB /* SceneKit.framework in Frameworks */,
			);
			runOnlyForDeploymentPostprocessing = 0;
		};
		2316C6831C1CC9E0009BF97C /* Frameworks */ = {
			isa = PBXFrameworksBuildPhase;
			buildActionMask = 2147483647;
			files = (
			);
			runOnlyForDeploymentPostprocessing = 0;
		};
/* End PBXFrameworksBuildPhase section */

/* Begin PBXGroup section */
		2316C6661C1CC9E0009BF97C = {
			isa = PBXGroup;
			children = (
				2316C6711C1CC9E0009BF97C /* Visilert */,
				2316C6891C1CC9E0009BF97C /* VisilertTests */,
				2316C6701C1CC9E0009BF97C /* Products */,
				2316C6951C1CD6EB009BF97C /* digital-7 */,
			);
			sourceTree = "<group>";
		};
		2316C6701C1CC9E0009BF97C /* Products */ = {
			isa = PBXGroup;
			children = (
				2316C66F1C1CC9E0009BF97C /* Visilert.app */,
				2316C6861C1CC9E0009BF97C /* VisilertTests.xctest */,
			);
			name = Products;
			sourceTree = "<group>";
		};
		2316C6711C1CC9E0009BF97C /* Visilert */ = {
			isa = PBXGroup;
			children = (
				2316C6721C1CC9E0009BF97C /* AppDelegate.swift */,
				2386502C1C975E8B00954A58 /* Model */,
				2386502E1C975EF700954A58 /* Views */,
				2338D9F91C8A68880069CE1A /* PDFs */,
				2316C6811C1CC9E0009BF97C /* Info.plist */,
				2316C67C1C1CC9E0009BF97C /* Assets.xcassets */,
				2332D65C1C6DEE31005EBCBB /* SceneKit.framework */,
			);
			path = Visilert;
			sourceTree = "<group>";
		};
		2316C6891C1CC9E0009BF97C /* VisilertTests */ = {
			isa = PBXGroup;
			children = (
				2316C68A1C1CC9E0009BF97C /* VisilertTests.swift */,
				2316C68C1C1CC9E0009BF97C /* Info.plist */,
			);
			path = VisilertTests;
			sourceTree = "<group>";
		};
		2316C6951C1CD6EB009BF97C /* digital-7 */ = {
			isa = PBXGroup;
			children = (
				2316C6961C1CD6EB009BF97C /* digital-7 (italic).ttf */,
				2316C6971C1CD6EB009BF97C /* digital-7 (mono italic).ttf */,
				2316C6981C1CD6EB009BF97C /* digital-7 (mono).ttf */,
				2316C6991C1CD6EB009BF97C /* digital-7.ttf */,
				2316C69A1C1CD6EB009BF97C /* readme.txt */,
			);
			path = "digital-7";
			sourceTree = "<group>";
		};
		23331EFD1C822D4C001FD2C9 /* 3D */ = {
			isa = PBXGroup;
			children = (
				2332D65E1C6DEEDD005EBCBB /* testViewController.swift */,
				2332D65A1C6DEDB3005EBCBB /* 3dViewController.swift */,
				23A6A4631CB6901300A7122E /* IMAGEViewController.swift */,
			);
			name = 3D;
			sourceTree = "<group>";
		};
		2338D9F91C8A68880069CE1A /* PDFs */ = {
			isa = PBXGroup;
			children = (
				231804081CDCF58900DB754A /* How It Works.pdf */,
				23BD95421C8868350008F7AC /* Operating Instructions.pdf */,
				2338D9F71C8A62350069CE1A /* Visilert Rounding Employer Checklist.pdf */,
				2318040A1CDCF92C00DB754A /* Visilert Hourly Rounding Card.pdf */,
				2318040B1CDCF92C00DB754A /* Visilert Patient Card.pdf */,
				2318040C1CDCF92C00DB754A /* Visilert Rounding Checklist.pdf */,
			);
			name = PDFs;
			sourceTree = "<group>";
		};
		2386502C1C975E8B00954A58 /* Model */ = {
			isa = PBXGroup;
			children = (
				2316C6791C1CC9E0009BF97C /* Visilert.xcdatamodeld */,
				23A56B491C4218AF005CCAD7 /* Mode2.swift */,
				230777FB1C44BA4C00C6CA1D /* Mode1.swift */,
				233C852A1C838B170015B9E3 /* Account.swift */,
				233C85291C838B170015B9E3 /* Account+CoreDataProperties.swift */,
			);
			name = Model;
			sourceTree = "<group>";
		};
		2386502D1C975EC000954A58 /* View Controllers */ = {
			isa = PBXGroup;
			children = (
				23331EFD1C822D4C001FD2C9 /* 3D */,
				23EDAC751C23887F00F1F428 /* HomeScreenViewController.swift */,
				231804101CDCFCBA00DB754A /* RoundingCardsTableViewController.swift */,
				233C85271C8383DF0015B9E3 /* CreateUserViewController.swift */,
				233C85251C8383D30015B9E3 /* LoginViewController.swift */,
				2316C6741C1CC9E0009BF97C /* DeviceViewController.swift */,
				23BD95401C8867DF0008F7AC /* PDFViewController.swift */,
				2350F15B1C86A29100C6230B /* RoundingListTableViewCell.swift */,
				2350F1591C86A03700C6230B /* RoundingChecklistTableViewController.swift */,
				23C615D91CB73AE900B67E1F /* RoundingCardsViewController.swift */,
				23C615D71CB70FA600B67E1F /* SecondRoundingCardsTableViewController.swift */,
				23EDAC771C238A9100F1F428 /* StartDemoViewController.swift */,
				2350F15D1C8745EA00C6230B /* Device360ViewController.swift */,
				233C852D1C83E9150015B9E3 /* TrainingViewController.swift */,
				233C852F1C83E9F00015B9E3 /* TrainingContainerViewController.swift */,
				233C85231C8366CC0015B9E3 /* VideosViewController.swift */,
				232C61E41C59D09D008AAF11 /* PatientChecklistTableViewController.swift */,
				232C61E61C59D132008AAF11 /* ChecklistTableViewCell.swift */,
				237A70831C4A9F190028BA7B /* FormViewController.swift */,
			);
			name = "View Controllers";
			sourceTree = "<group>";
		};
		2386502E1C975EF700954A58 /* Views */ = {
			isa = PBXGroup;
			children = (
				2386502F1C975F0200954A58 /* Storyboards */,
				2386502D1C975EC000954A58 /* View Controllers */,
			);
			name = Views;
			sourceTree = "<group>";
		};
		2386502F1C975F0200954A58 /* Storyboards */ = {
			isa = PBXGroup;
			children = (
				2316C6761C1CC9E0009BF97C /* Main.storyboard */,
				2316C67E1C1CC9E0009BF97C /* LaunchScreen.storyboard */,
			);
			name = Storyboards;
			sourceTree = "<group>";
		};
/* End PBXGroup section */

/* Begin PBXNativeTarget section */
		2316C66E1C1CC9E0009BF97C /* Visilert */ = {
			isa = PBXNativeTarget;
			buildConfigurationList = 2316C68F1C1CC9E0009BF97C /* Build configuration list for PBXNativeTarget "Visilert" */;
			buildPhases = (
				2316C66B1C1CC9E0009BF97C /* Sources */,
				2316C66C1C1CC9E0009BF97C /* Frameworks */,
				2316C66D1C1CC9E0009BF97C /* Resources */,
			);
			buildRules = (
			);
			dependencies = (
			);
			name = Visilert;
			productName = Visilert;
			productReference = 2316C66F1C1CC9E0009BF97C /* Visilert.app */;
			productType = "com.apple.product-type.application";
		};
		2316C6851C1CC9E0009BF97C /* VisilertTests */ = {
			isa = PBXNativeTarget;
			buildConfigurationList = 2316C6921C1CC9E0009BF97C /* Build configuration list for PBXNativeTarget "VisilertTests" */;
			buildPhases = (
				2316C6821C1CC9E0009BF97C /* Sources */,
				2316C6831C1CC9E0009BF97C /* Frameworks */,
				2316C6841C1CC9E0009BF97C /* Resources */,
			);
			buildRules = (
			);
			dependencies = (
				2316C6881C1CC9E0009BF97C /* PBXTargetDependency */,
			);
			name = VisilertTests;
			productName = VisilertTests;
			productReference = 2316C6861C1CC9E0009BF97C /* VisilertTests.xctest */;
			productType = "com.apple.product-type.bundle.unit-test";
		};
/* End PBXNativeTarget section */

/* Begin PBXProject section */
		2316C6671C1CC9E0009BF97C /* Project object */ = {
			isa = PBXProject;
			attributes = {
				LastSwiftUpdateCheck = 0720;
				LastUpgradeCheck = 0800;
				ORGANIZATIONNAME = CCE;
				TargetAttributes = {
					2316C66E1C1CC9E0009BF97C = {
						CreatedOnToolsVersion = 7.1.1;
						DevelopmentTeam = J2EY74W5G9;
						LastSwiftMigration = 0830;
					};
					2316C6851C1CC9E0009BF97C = {
						CreatedOnToolsVersion = 7.1.1;
						LastSwiftMigration = 0830;
						TestTargetID = 2316C66E1C1CC9E0009BF97C;
					};
				};
			};
			buildConfigurationList = 2316C66A1C1CC9E0009BF97C /* Build configuration list for PBXProject "Visilert" */;
			compatibilityVersion = "Xcode 3.2";
			developmentRegion = English;
			hasScannedForEncodings = 0;
			knownRegions = (
				en,
				Base,
			);
			mainGroup = 2316C6661C1CC9E0009BF97C;
			productRefGroup = 2316C6701C1CC9E0009BF97C /* Products */;
			projectDirPath = "";
			projectRoot = "";
			targets = (
				2316C66E1C1CC9E0009BF97C /* Visilert */,
				2316C6851C1CC9E0009BF97C /* VisilertTests */,
			);
		};
/* End PBXProject section */

/* Begin PBXResourcesBuildPhase section */
		2316C66D1C1CC9E0009BF97C /* Resources */ = {
			isa = PBXResourcesBuildPhase;
			buildActionMask = 2147483647;
			files = (
				2316C69D1C1CD6EB009BF97C /* digital-7 (mono).ttf in Resources */,
				2338D9F81C8A62350069CE1A /* Visilert Rounding Employer Checklist.pdf in Resources */,
				2318040D1CDCF92C00DB754A /* Visilert Hourly Rounding Card.pdf in Resources */,
				23BD95431C8868350008F7AC /* Operating Instructions.pdf in Resources */,
				2316C6801C1CC9E0009BF97C /* LaunchScreen.storyboard in Resources */,
				2316C67D1C1CC9E0009BF97C /* Assets.xcassets in Resources */,
				2318040E1CDCF92C00DB754A /* Visilert Patient Card.pdf in Resources */,
				2318040F1CDCF92C00DB754A /* Visilert Rounding Checklist.pdf in Resources */,
				2316C69E1C1CD6EB009BF97C /* digital-7.ttf in Resources */,
				2316C69C1C1CD6EB009BF97C /* digital-7 (mono italic).ttf in Resources */,
				2316C6781C1CC9E0009BF97C /* Main.storyboard in Resources */,
				2316C69F1C1CD6EB009BF97C /* readme.txt in Resources */,
				231804091CDCF58900DB754A /* How It Works.pdf in Resources */,
				2316C69B1C1CD6EB009BF97C /* digital-7 (italic).ttf in Resources */,
			);
			runOnlyForDeploymentPostprocessing = 0;
		};
		2316C6841C1CC9E0009BF97C /* Resources */ = {
			isa = PBXResourcesBuildPhase;
			buildActionMask = 2147483647;
			files = (
			);
			runOnlyForDeploymentPostprocessing = 0;
		};
/* End PBXResourcesBuildPhase section */

/* Begin PBXSourcesBuildPhase section */
		2316C66B1C1CC9E0009BF97C /* Sources */ = {
			isa = PBXSourcesBuildPhase;
			buildActionMask = 2147483647;
			files = (
				8A36B5D31DA1FDD500E1EDA8 /* HomeScreenViewController.swift in Sources */,
				23C615DA1CB73AE900B67E1F /* RoundingCardsViewController.swift in Sources */,
				233C852E1C83E9150015B9E3 /* TrainingViewController.swift in Sources */,
				233C85261C8383D30015B9E3 /* LoginViewController.swift in Sources */,
				2350F15E1C8745EA00C6230B /* Device360ViewController.swift in Sources */,
				2316C6751C1CC9E0009BF97C /* DeviceViewController.swift in Sources */,
				23A6A4641CB6901300A7122E /* IMAGEViewController.swift in Sources */,
				23BD95411C8867DF0008F7AC /* PDFViewController.swift in Sources */,
				2350F15A1C86A03700C6230B /* RoundingChecklistTableViewController.swift in Sources */,
				232C61E51C59D09D008AAF11 /* PatientChecklistTableViewController.swift in Sources */,
				2316C6731C1CC9E0009BF97C /* AppDelegate.swift in Sources */,
				230777FC1C44BA4C00C6CA1D /* Mode1.swift in Sources */,
				233C852B1C838B170015B9E3 /* Account+CoreDataProperties.swift in Sources */,
				2316C67B1C1CC9E0009BF97C /* Visilert.xcdatamodeld in Sources */,
				233C85301C83E9F00015B9E3 /* TrainingContainerViewController.swift in Sources */,
				2332D65F1C6DEEDD005EBCBB /* testViewController.swift in Sources */,
				23C615D81CB70FA600B67E1F /* SecondRoundingCardsTableViewController.swift in Sources */,
				23EDAC781C238A9100F1F428 /* StartDemoViewController.swift in Sources */,
				231804111CDCFCBA00DB754A /* RoundingCardsTableViewController.swift in Sources */,
				233C85241C8366CC0015B9E3 /* VideosViewController.swift in Sources */,
				2350F15C1C86A29100C6230B /* RoundingListTableViewCell.swift in Sources */,
				233C852C1C838B170015B9E3 /* Account.swift in Sources */,
				237A70841C4A9F190028BA7B /* FormViewController.swift in Sources */,
				233C85281C8383DF0015B9E3 /* CreateUserViewController.swift in Sources */,
				2332D65B1C6DEDB3005EBCBB /* 3dViewController.swift in Sources */,
				232C61E71C59D132008AAF11 /* ChecklistTableViewCell.swift in Sources */,
				23A56B4A1C4218AF005CCAD7 /* Mode2.swift in Sources */,
			);
			runOnlyForDeploymentPostprocessing = 0;
		};
		2316C6821C1CC9E0009BF97C /* Sources */ = {
			isa = PBXSourcesBuildPhase;
			buildActionMask = 2147483647;
			files = (
				2316C68B1C1CC9E0009BF97C /* VisilertTests.swift in Sources */,
			);
			runOnlyForDeploymentPostprocessing = 0;
		};
/* End PBXSourcesBuildPhase section */

/* Begin PBXTargetDependency section */
		2316C6881C1CC9E0009BF97C /* PBXTargetDependency */ = {
			isa = PBXTargetDependency;
			target = 2316C66E1C1CC9E0009BF97C /* Visilert */;
			targetProxy = 2316C6871C1CC9E0009BF97C /* PBXContainerItemProxy */;
		};
/* End PBXTargetDependency section */

/* Begin PBXVariantGroup section */
		2316C6761C1CC9E0009BF97C /* Main.storyboard */ = {
			isa = PBXVariantGroup;
			children = (
				2316C6771C1CC9E0009BF97C /* Base */,
			);
			name = Main.storyboard;
			sourceTree = "<group>";
		};
		2316C67E1C1CC9E0009BF97C /* LaunchScreen.storyboard */ = {
			isa = PBXVariantGroup;
			children = (
				2316C67F1C1CC9E0009BF97C /* Base */,
			);
			name = LaunchScreen.storyboard;
			sourceTree = "<group>";
		};
/* End PBXVariantGroup section */

/* Begin XCBuildConfiguration section */
		2316C68D1C1CC9E0009BF97C /* Debug */ = {
			isa = XCBuildConfiguration;
			buildSettings = {
				ALWAYS_SEARCH_USER_PATHS = NO;
				CLANG_CXX_LANGUAGE_STANDARD = "gnu++0x";
				CLANG_CXX_LIBRARY = "libc++";
				CLANG_ENABLE_MODULES = YES;
				CLANG_ENABLE_OBJC_ARC = YES;
				CLANG_WARN_BOOL_CONVERSION = YES;
				CLANG_WARN_CONSTANT_CONVERSION = YES;
				CLANG_WARN_DIRECT_OBJC_ISA_USAGE = YES_ERROR;
				CLANG_WARN_EMPTY_BODY = YES;
				CLANG_WARN_ENUM_CONVERSION = YES;
				CLANG_WARN_INFINITE_RECURSION = YES;
				CLANG_WARN_INT_CONVERSION = YES;
				CLANG_WARN_OBJC_ROOT_CLASS = YES_ERROR;
				CLANG_WARN_SUSPICIOUS_MOVE = YES;
				CLANG_WARN_UNREACHABLE_CODE = YES;
				CLANG_WARN__DUPLICATE_METHOD_MATCH = YES;
				"CODE_SIGN_IDENTITY[sdk=iphoneos*]" = "iPhone Developer";
				COPY_PHASE_STRIP = NO;
				DEBUG_INFORMATION_FORMAT = dwarf;
				ENABLE_STRICT_OBJC_MSGSEND = YES;
				ENABLE_TESTABILITY = YES;
				GCC_C_LANGUAGE_STANDARD = gnu99;
				GCC_DYNAMIC_NO_PIC = NO;
				GCC_NO_COMMON_BLOCKS = YES;
				GCC_OPTIMIZATION_LEVEL = 0;
				GCC_PREPROCESSOR_DEFINITIONS = (
					"DEBUG=1",
					"$(inherited)",
				);
				GCC_WARN_64_TO_32_BIT_CONVERSION = YES;
				GCC_WARN_ABOUT_RETURN_TYPE = YES_ERROR;
				GCC_WARN_UNDECLARED_SELECTOR = YES;
				GCC_WARN_UNINITIALIZED_AUTOS = YES_AGGRESSIVE;
				GCC_WARN_UNUSED_FUNCTION = YES;
				GCC_WARN_UNUSED_VARIABLE = YES;
				IPHONEOS_DEPLOYMENT_TARGET = 9.1;
				MTL_ENABLE_DEBUG_INFO = YES;
				ONLY_ACTIVE_ARCH = YES;
				SDKROOT = iphoneos;
				SWIFT_OBJC_BRIDGING_HEADER = "/Users/B84276/_Rene/Hospital/Visilert/Visilert/Visilert-Bridging-Header.h";
				SWIFT_OPTIMIZATION_LEVEL = "-Onone";
				TARGETED_DEVICE_FAMILY = 2;
			};
			name = Debug;
		};
		2316C68E1C1CC9E0009BF97C /* Release */ = {
			isa = XCBuildConfiguration;
			buildSettings = {
				ALWAYS_SEARCH_USER_PATHS = NO;
				CLANG_CXX_LANGUAGE_STANDARD = "gnu++0x";
				CLANG_CXX_LIBRARY = "libc++";
				CLANG_ENABLE_MODULES = YES;
				CLANG_ENABLE_OBJC_ARC = YES;
				CLANG_WARN_BOOL_CONVERSION = YES;
				CLANG_WARN_CONSTANT_CONVERSION = YES;
				CLANG_WARN_DIRECT_OBJC_ISA_USAGE = YES_ERROR;
				CLANG_WARN_EMPTY_BODY = YES;
				CLANG_WARN_ENUM_CONVERSION = YES;
				CLANG_WARN_INFINITE_RECURSION = YES;
				CLANG_WARN_INT_CONVERSION = YES;
				CLANG_WARN_OBJC_ROOT_CLASS = YES_ERROR;
				CLANG_WARN_SUSPICIOUS_MOVE = YES;
				CLANG_WARN_UNREACHABLE_CODE = YES;
				CLANG_WARN__DUPLICATE_METHOD_MATCH = YES;
				"CODE_SIGN_IDENTITY[sdk=iphoneos*]" = "iPhone Developer";
				COPY_PHASE_STRIP = NO;
				DEBUG_INFORMATION_FORMAT = "dwarf-with-dsym";
				ENABLE_NS_ASSERTIONS = NO;
				ENABLE_STRICT_OBJC_MSGSEND = YES;
				GCC_C_LANGUAGE_STANDARD = gnu99;
				GCC_NO_COMMON_BLOCKS = YES;
				GCC_WARN_64_TO_32_BIT_CONVERSION = YES;
				GCC_WARN_ABOUT_RETURN_TYPE = YES_ERROR;
				GCC_WARN_UNDECLARED_SELECTOR = YES;
				GCC_WARN_UNINITIALIZED_AUTOS = YES_AGGRESSIVE;
				GCC_WARN_UNUSED_FUNCTION = YES;
				GCC_WARN_UNUSED_VARIABLE = YES;
				IPHONEOS_DEPLOYMENT_TARGET = 9.1;
				MTL_ENABLE_DEBUG_INFO = NO;
				SDKROOT = iphoneos;
				SWIFT_OBJC_BRIDGING_HEADER = "/Users/B84276/_Rene/Hospital/Visilert/Visilert/Visilert-Bridging-Header.h";
				SWIFT_OPTIMIZATION_LEVEL = "-Owholemodule";
				TARGETED_DEVICE_FAMILY = 2;
				VALIDATE_PRODUCT = YES;
			};
			name = Release;
		};
		2316C6901C1CC9E0009BF97C /* Debug */ = {
			isa = XCBuildConfiguration;
			buildSettings = {
				ALWAYS_EMBED_SWIFT_STANDARD_LIBRARIES = YES;
				ASSETCATALOG_COMPILER_APPICON_NAME = AppIcon;
				CLANG_ENABLE_MODULES = YES;
				CODE_SIGN_IDENTITY = "iPhone Distribution: Rene Jorge (J2EY74W5G9)";
				"CODE_SIGN_IDENTITY[sdk=iphoneos*]" = "iPhone Developer";
				INFOPLIST_FILE = Visilert/Info.plist;
				LD_RUNPATH_SEARCH_PATHS = "$(inherited) @executable_path/Frameworks";
				PRODUCT_BUNDLE_IDENTIFIER = com.visilert.dev;
				PRODUCT_NAME = "$(TARGET_NAME)";
				PROVISIONING_PROFILE = "";
				SWIFT_OBJC_BRIDGING_HEADER = "";
				SWIFT_OPTIMIZATION_LEVEL = "-Onone";
				SWIFT_VERSION = 3.0;
				TARGETED_DEVICE_FAMILY = 2;
			};
			name = Debug;
		};
		2316C6911C1CC9E0009BF97C /* Release */ = {
			isa = XCBuildConfiguration;
			buildSettings = {
				ALWAYS_EMBED_SWIFT_STANDARD_LIBRARIES = YES;
				ASSETCATALOG_COMPILER_APPICON_NAME = AppIcon;
				CLANG_ENABLE_MODULES = YES;
				CODE_SIGN_IDENTITY = "iPhone Distribution: Rene Jorge (J2EY74W5G9)";
				"CODE_SIGN_IDENTITY[sdk=iphoneos*]" = "iPhone Developer";
				INFOPLIST_FILE = Visilert/Info.plist;
				LD_RUNPATH_SEARCH_PATHS = "$(inherited) @executable_path/Frameworks";
				PRODUCT_BUNDLE_IDENTIFIER = com.visilert.dev;
				PRODUCT_NAME = "$(TARGET_NAME)";
				PROVISIONING_PROFILE = "";
				SWIFT_OBJC_BRIDGING_HEADER = "";
				SWIFT_VERSION = 3.0;
				TARGETED_DEVICE_FAMILY = 2;
			};
			name = Release;
		};
		2316C6931C1CC9E0009BF97C /* Debug */ = {
			isa = XCBuildConfiguration;
			buildSettings = {
				BUNDLE_LOADER = "$(TEST_HOST)";
				INFOPLIST_FILE = VisilertTests/Info.plist;
				LD_RUNPATH_SEARCH_PATHS = "$(inherited) @executable_path/Frameworks @loader_path/Frameworks";
				PRODUCT_BUNDLE_IDENTIFIER = com.visilert.VisilertTests;
				PRODUCT_NAME = "$(TARGET_NAME)";
				SWIFT_VERSION = 3.0;
				TEST_HOST = "$(BUILT_PRODUCTS_DIR)/Visilert.app/Visilert";
			};
			name = Debug;
		};
		2316C6941C1CC9E0009BF97C /* Release */ = {
			isa = XCBuildConfiguration;
			buildSettings = {
				BUNDLE_LOADER = "$(TEST_HOST)";
				INFOPLIST_FILE = VisilertTests/Info.plist;
				LD_RUNPATH_SEARCH_PATHS = "$(inherited) @executable_path/Frameworks @loader_path/Frameworks";
				PRODUCT_BUNDLE_IDENTIFIER = com.visilert.VisilertTests;
				PRODUCT_NAME = "$(TARGET_NAME)";
				SWIFT_VERSION = 3.0;
				TEST_HOST = "$(BUILT_PRODUCTS_DIR)/Visilert.app/Visilert";
			};
			name = Release;
		};
/* End XCBuildConfiguration section */

/* Begin XCConfigurationList section */
		2316C66A1C1CC9E0009BF97C /* Build configuration list for PBXProject "Visilert" */ = {
			isa = XCConfigurationList;
			buildConfigurations = (
				2316C68D1C1CC9E0009BF97C /* Debug */,
				2316C68E1C1CC9E0009BF97C /* Release */,
			);
			defaultConfigurationIsVisible = 0;
			defaultConfigurationName = Release;
		};
		2316C68F1C1CC9E0009BF97C /* Build configuration list for PBXNativeTarget "Visilert" */ = {
			isa = XCConfigurationList;
			buildConfigurations = (
				2316C6901C1CC9E0009BF97C /* Debug */,
				2316C6911C1CC9E0009BF97C /* Release */,
			);
			defaultConfigurationIsVisible = 0;
			defaultConfigurationName = Release;
		};
		2316C6921C1CC9E0009BF97C /* Build configuration list for PBXNativeTarget "VisilertTests" */ = {
			isa = XCConfigurationList;
			buildConfigurations = (
				2316C6931C1CC9E0009BF97C /* Debug */,
				2316C6941C1CC9E0009BF97C /* Release */,
			);
			defaultConfigurationIsVisible = 0;
			defaultConfigurationName = Release;
		};
/* End XCConfigurationList section */

/* Begin XCVersionGroup section */
		2316C6791C1CC9E0009BF97C /* Visilert.xcdatamodeld */ = {
			isa = XCVersionGroup;
			children = (
				2316C67A1C1CC9E0009BF97C /* Visilert.xcdatamodel */,
			);
			currentVersion = 2316C67A1C1CC9E0009BF97C /* Visilert.xcdatamodel */;
			path = Visilert.xcdatamodeld;
			sourceTree = "<group>";
			versionGroupType = wrapper.xcdatamodel;
		};
/* End XCVersionGroup section */
	};
	rootObject = 2316C6671C1CC9E0009BF97C /* Project object */;
}
